<?xml version="1.0" encoding="utf-8"?>
<Project ToolsVersion="4.0" xmlns="http://schemas.microsoft.com/developer/msbuild/2003">
  <ItemGroup>
    <Filter Include="Source Files">
      <UniqueIdentifier>{4FC737F1-C7A5-4376-A066-2A32D752A2FF}</UniqueIdentifier>
      <Extensions>cpp;c;cc;cxx;def;odl;idl;hpj;bat;asm;asmx</Extensions>
    </Filter>
    <Filter Include="Header Files">
      <UniqueIdentifier>{93995380-89BD-4b04-88EB-625FBE52EBFB}</UniqueIdentifier>
      <Extensions>h;hh;hpp;hxx;hm;inl;inc;ipp;xsd</Extensions>
    </Filter>
    <Filter Include="Resource Files">
      <UniqueIdentifier>{67DA6AB6-F800-4c08-8B7A-83BB121AAD01}</UniqueIdentifier>
      <Extensions>rc;ico;cur;bmp;dlg;rc2;rct;bin;rgs;gif;jpg;jpeg;jpe;resx;tiff;tif;png;wav;mfcribbon-ms</Extensions>
    </Filter>
    <Filter Include="Source Files\Objects">
      <UniqueIdentifier>{cd62a73c-5933-40bd-afdd-0ecfc6892cc1}</UniqueIdentifier>
    </Filter>
    <Filter Include="Header Files\Game Engine">
      <UniqueIdentifier>{9ebed2d1-5e05-4e15-8d76-c6bd11e85fd3}</UniqueIdentifier>
    </Filter>
    <Filter Include="Source Files\Game Engine">
      <UniqueIdentifier>{c12b1b70-c319-41b5-b934-44c9769c1047}</UniqueIdentifier>
    </Filter>
    <Filter Include="Header Files\MapEditor">
      <UniqueIdentifier>{673162fe-1d38-4d42-a44b-31de1e04ad47}</UniqueIdentifier>
    </Filter>
    <Filter Include="Header Files\Objects">
      <UniqueIdentifier>{1ccce55b-23cf-484e-b30b-d74f42453830}</UniqueIdentifier>
    </Filter>
    <Filter Include="Source Files\MapEditor">
      <UniqueIdentifier>{82831c06-028b-443b-ac37-bd11b6d4c1c9}</UniqueIdentifier>
    </Filter>
    <Filter Include="Source Files\MainMenu">
      <UniqueIdentifier>{b528a812-81f8-4cc9-844e-7bc5c8c0b493}</UniqueIdentifier>
    </Filter>
  </ItemGroup>
  <ItemGroup>
    <ClCompile Include="main.cpp">
      <Filter>Source Files</Filter>
    </ClCompile>
    <ClCompile Include="AssetManager.cpp">
      <Filter>Source Files\Game Engine</Filter>
    </ClCompile>
    <ClCompile Include="InputManager.cpp">
      <Filter>Source Files\Game Engine</Filter>
    </ClCompile>
    <ClCompile Include="StateMachine.cpp">
      <Filter>Source Files\Game Engine</Filter>
    </ClCompile>
    <ClCompile Include="Game.cpp">
      <Filter>Source Files\Game Engine</Filter>
    </ClCompile>
    <ClCompile Include="DialogueBox.cpp">
      <Filter>Source Files\MapEditor</Filter>
    </ClCompile>
    <ClCompile Include="Options.cpp">
      <Filter>Source Files\MapEditor</Filter>
    </ClCompile>
    <ClCompile Include="MapLoader.cpp">
      <Filter>Source Files\MapEditor</Filter>
    </ClCompile>
    <ClCompile Include="MapEditor.cpp">
      <Filter>Source Files\MapEditor</Filter>
    </ClCompile>
    <ClCompile Include="Map.cpp">
      <Filter>Source Files\MapEditor</Filter>
    </ClCompile>
    <ClCompile Include="Toolbar.cpp">
      <Filter>Source Files\MapEditor</Filter>
    </ClCompile>
    <ClCompile Include="EditorMenu.cpp">
      <Filter>Source Files\MapEditor</Filter>
    </ClCompile>
    <ClCompile Include="Object.cpp">
      <Filter>Source Files\Objects</Filter>
    </ClCompile>
    <ClCompile Include="StaticObject.cpp">
      <Filter>Source Files\Objects</Filter>
    </ClCompile>
    <ClCompile Include="Collision.cpp">
      <Filter>Source Files</Filter>
    </ClCompile>
    <ClCompile Include="Settings.cpp">
      <Filter>Source Files\Game Engine</Filter>
    </ClCompile>
    <ClCompile Include="Person.cpp">
      <Filter>Source Files\Objects</Filter>
    </ClCompile>
    <ClCompile Include="MainMenuState.cpp">
      <Filter>Source Files\MainMenu</Filter>
    </ClCompile>
    <ClCompile Include="SplashState.cpp">
      <Filter>Source Files</Filter>
    </ClCompile>
    <ClCompile Include="IntroLevel.cpp">
      <Filter>Source Files</Filter>
    </ClCompile>
  </ItemGroup>
  <ItemGroup>
    <ClInclude Include="State.h">
      <Filter>Header Files\Game Engine</Filter>
    </ClInclude>
    <ClInclude Include="StateMachine.h">
      <Filter>Header Files\Game Engine</Filter>
    </ClInclude>
    <ClInclude Include="AssetManager.h">
      <Filter>Header Files\Game Engine</Filter>
    </ClInclude>
    <ClInclude Include="Game.h">
      <Filter>Header Files\Game Engine</Filter>
    </ClInclude>
    <ClInclude Include="Dialogue.h">
      <Filter>Header Files</Filter>
    </ClInclude>
    <ClInclude Include="Collision.h">
      <Filter>Header Files</Filter>
    </ClInclude>
    <ClInclude Include="DialogueBox.h">
      <Filter>Header Files\MapEditor</Filter>
    </ClInclude>
    <ClInclude Include="EditorMenu.h">
      <Filter>Header Files\MapEditor</Filter>
    </ClInclude>
    <ClInclude Include="MapEditor.h">
      <Filter>Header Files\MapEditor</Filter>
    </ClInclude>
    <ClInclude Include="MapLoader.h">
      <Filter>Header Files\MapEditor</Filter>
    </ClInclude>
    <ClInclude Include="Options.h">
      <Filter>Header Files\MapEditor</Filter>
    </ClInclude>
    <ClInclude Include="Toolbar.h">
      <Filter>Header Files\MapEditor</Filter>
    </ClInclude>
    <ClInclude Include="Map.h">
      <Filter>Header Files\MapEditor</Filter>
    </ClInclude>
    <ClInclude Include="Settings.h">
      <Filter>Header Files\Game Engine</Filter>
    </ClInclude>
    <ClInclude Include="Object.h">
      <Filter>Header Files\Objects</Filter>
    </ClInclude>
    <ClInclude Include="Person.h">
      <Filter>Header Files\Objects</Filter>
    </ClInclude>
    <ClInclude Include="StaticObject.h">
      <Filter>Header Files\Objects</Filter>
    </ClInclude>
    <ClInclude Include="DEFINITIONS.h">
      <Filter>Header Files</Filter>
    </ClInclude>
    <ClInclude Include="MainMenuState.h">
      <Filter>Header Files</Filter>
    </ClInclude>
    <ClInclude Include="SplashState.h">
      <Filter>Header Files</Filter>
    </ClInclude>
    <ClInclude Include="IntroLevel.h">
      <Filter>Header Files</Filter>
    </ClInclude>
  </ItemGroup>
</Project>